
Microsoft Visual Studio Solution File, Format Version 12.00
# Visual Studio Version 17
VisualStudioVersion = 17.14.36414.22 d17.14
MinimumVisualStudioVersion = 10.0.40219.1
Project("{FAE04EC0-301F-11D3-BF4B-00C04F79EFBC}") = "OrderManagementSQL_API", "OrderManagementSQL_API\OrderManagementSQL_API.csproj", "{1C489C0B-719F-4AD7-942F-6F49D5EAD95A}"
EndProject
Global
	GlobalSection(SolutionConfigurationPlatforms) = preSolution
		Debug|Any CPU = Debug|Any CPU
		Release|Any CPU = Release|Any CPU
	EndGlobalSection
	GlobalSection(ProjectConfigurationPlatforms) = postSolution
		{1C489C0B-719F-4AD7-942F-6F49D5EAD95A}.Debug|Any CPU.ActiveCfg = Debug|Any CPU
		{1C489C0B-719F-4AD7-942F-6F49D5EAD95A}.Debug|Any CPU.Build.0 = Debug|Any CPU
		{1C489C0B-719F-4AD7-942F-6F49D5EAD95A}.Release|Any CPU.ActiveCfg = Release|Any CPU
		{1C489C0B-719F-4AD7-942F-6F49D5EAD95A}.Release|Any CPU.Build.0 = Release|Any CPU
	EndGlobalSection
	GlobalSection(SolutionProperties) = preSolution
		HideSolutionNode = FALSE
	EndGlobalSection
	GlobalSection(ExtensibilityGlobals) = postSolution
		SolutionGuid = {819DB207-70FB-4477-99E8-67396A9E6448}
	EndGlobalSection
EndGlobal
